// !$*UTF8*$!
{
	archiveVersion = 1;
	classes = {
	};
	objectVersion = 48;
	objects = {

/* Begin PBXBuildFile section */
		13B07FBC1A68108700A75B9A /* AppDelegate.m in Sources */ = {isa = PBXBuildFile; fileRef = 13B07FB01A68108700A75B9A /* AppDelegate.m */; };
		13B07FC11A68108700A75B9A /* main.m in Sources */ = {isa = PBXBuildFile; fileRef = 13B07FB71A68108700A75B9A /* main.m */; };
		21280E0D68F244C5931DFCAF /* Zocial.ttf in Resources */ = {isa = PBXBuildFile; fileRef = 48028B6F4BF84A978F470718 /* Zocial.ttf */; };
		41EE3229F7514E89BC04FA75 /* FontAwesome.ttf in Resources */ = {isa = PBXBuildFile; fileRef = A10EEC4C15654301B5E052DD /* FontAwesome.ttf */; };
		44D789B974E0402BA1C3AF3E /* EvilIcons.ttf in Resources */ = {isa = PBXBuildFile; fileRef = B9854AB5E4E845F7A9D56A22 /* EvilIcons.ttf */; };
		4F3AFF401DC2C79E006FF6B0 /* InitialViewController.m in Sources */ = {isa = PBXBuildFile; fileRef = 4F3AFF3E1DC2C79E006FF6B0 /* InitialViewController.m */; };
		6C756C08F4E842E88C9F10E8 /* FontAwesome5_Solid.ttf in Resources */ = {isa = PBXBuildFile; fileRef = 8DECFC34BB73403EBC451DAE /* FontAwesome5_Solid.ttf */; };
		7A367BBF4AD54693ADA92D76 /* MaterialIcons.ttf in Resources */ = {isa = PBXBuildFile; fileRef = 93844D964A114F3689D668A5 /* MaterialIcons.ttf */; };
		A40E58210FEA4E2B8713D0A7 /* SimpleLineIcons.ttf in Resources */ = {isa = PBXBuildFile; fileRef = 26974E643FC84B69A29BE04B /* SimpleLineIcons.ttf */; };
		A5AA02FB22A94E21B7E9949F /* MaterialCommunityIcons.ttf in Resources */ = {isa = PBXBuildFile; fileRef = 4CF9BB0327274D62A22D0BB9 /* MaterialCommunityIcons.ttf */; };
		A7210AF9A3FA4F7B9E8F7BF2 /* Ionicons.ttf in Resources */ = {isa = PBXBuildFile; fileRef = 72C9BC142A4B40908CECAF29 /* Ionicons.ttf */; };
		A969F18C7AB7403290E9A34E /* Octicons.ttf in Resources */ = {isa = PBXBuildFile; fileRef = F5E6059D9D8E4B6DBA247F99 /* Octicons.ttf */; };
		AF46AC5F0C6C4C0582085042 /* FontAwesome5_Regular.ttf in Resources */ = {isa = PBXBuildFile; fileRef = 9C3CC6F7614D4660969E5CDF /* FontAwesome5_Regular.ttf */; };
		B7168FBE1FACC7EB00A48DB5 /* LaunchScreen.storyboard in Resources */ = {isa = PBXBuildFile; fileRef = B7168FBD1FACC7EB00A48DB5 /* LaunchScreen.storyboard */; };
		B77BD8AF2113632C0036B284 /* bootconfig.plist in Resources */ = {isa = PBXBuildFile; fileRef = B77BD8AE2113632C0036B284 /* bootconfig.plist */; };
		C465C73AF21843DC880C0734 /* Foundation.ttf in Resources */ = {isa = PBXBuildFile; fileRef = 6ACCF88166E543DE9B3727DD /* Foundation.ttf */; };
		CEA8CA061F071C3300448B51 /* Images.xcassets in Resources */ = {isa = PBXBuildFile; fileRef = CEA8CA051F071C3300448B51 /* Images.xcassets */; };
		EA4DF03B14C041EA9B250DC5 /* Entypo.ttf in Resources */ = {isa = PBXBuildFile; fileRef = 969CAC52B30E4C728BF17E5E /* Entypo.ttf */; };
		EBEEEE258C074743B5B4D79A /* Fontisto.ttf in Resources */ = {isa = PBXBuildFile; fileRef = 8D3782FCF0BA4E0A9E9C8F39 /* Fontisto.ttf */; };
		ED9CA42C359143BEAF10BDCD /* AntDesign.ttf in Resources */ = {isa = PBXBuildFile; fileRef = D5E7DA826CDB41C9A1158F21 /* AntDesign.ttf */; };
		F0BD9DB23FCF4BF483550879 /* FontAwesome5_Brands.ttf in Resources */ = {isa = PBXBuildFile; fileRef = 80BF999A507644E9991D9E62 /* FontAwesome5_Brands.ttf */; };
		F5912893D1259DD728C3911A /* Pods_myinsure.framework in Frameworks */ = {isa = PBXBuildFile; fileRef = A8C3F430144BCD949E2D63D5 /* Pods_myinsure.framework */; };
		FD5AC5B4CEA44BAAB52BAA7B /* Feather.ttf in Resources */ = {isa = PBXBuildFile; fileRef = DC4860AFDF6C48ED95A765E5 /* Feather.ttf */; };
/* End PBXBuildFile section */

/* Begin PBXFileReference section */
		008F07F21AC5B25A0029DE68 /* main.jsbundle */ = {isa = PBXFileReference; fileEncoding = 4; lastKnownFileType = text; path = main.jsbundle; sourceTree = "<group>"; };
		0D8CDE8158AC70656CC3EE20 /* Pods-myinsure.debug.xcconfig */ = {isa = PBXFileReference; includeInIndex = 1; lastKnownFileType = text.xcconfig; name = "Pods-myinsure.debug.xcconfig"; path = "Pods/Target Support Files/Pods-myinsure/Pods-myinsure.debug.xcconfig"; sourceTree = "<group>"; };
		13B07F961A680F5B00A75B9A /* myinsure.app */ = {isa = PBXFileReference; explicitFileType = wrapper.application; includeInIndex = 0; path = myinsure.app; sourceTree = BUILT_PRODUCTS_DIR; };
		13B07FAF1A68108700A75B9A /* AppDelegate.h */ = {isa = PBXFileReference; fileEncoding = 4; lastKnownFileType = sourcecode.c.h; name = AppDelegate.h; path = myinsure/AppDelegate.h; sourceTree = "<group>"; };
		13B07FB01A68108700A75B9A /* AppDelegate.m */ = {isa = PBXFileReference; fileEncoding = 4; lastKnownFileType = sourcecode.c.objc; name = AppDelegate.m; path = myinsure/AppDelegate.m; sourceTree = "<group>"; };
		13B07FB61A68108700A75B9A /* Info.plist */ = {isa = PBXFileReference; fileEncoding = 4; lastKnownFileType = text.plist.xml; name = Info.plist; path = myinsure/Info.plist; sourceTree = "<group>"; };
		13B07FB71A68108700A75B9A /* main.m */ = {isa = PBXFileReference; fileEncoding = 4; lastKnownFileType = sourcecode.c.objc; name = main.m; path = myinsure/main.m; sourceTree = "<group>"; };
		26974E643FC84B69A29BE04B /* SimpleLineIcons.ttf */ = {isa = PBXFileReference; explicitFileType = undefined; fileEncoding = undefined; includeInIndex = 0; lastKnownFileType = unknown; name = SimpleLineIcons.ttf; path = "../node_modules/react-native-vector-icons/Fonts/SimpleLineIcons.ttf"; sourceTree = "<group>"; };
		48028B6F4BF84A978F470718 /* Zocial.ttf */ = {isa = PBXFileReference; explicitFileType = undefined; fileEncoding = undefined; includeInIndex = 0; lastKnownFileType = unknown; name = Zocial.ttf; path = "../node_modules/react-native-vector-icons/Fonts/Zocial.ttf"; sourceTree = "<group>"; };
		4CF9BB0327274D62A22D0BB9 /* MaterialCommunityIcons.ttf */ = {isa = PBXFileReference; explicitFileType = undefined; fileEncoding = undefined; includeInIndex = 0; lastKnownFileType = unknown; name = MaterialCommunityIcons.ttf; path = "../node_modules/react-native-vector-icons/Fonts/MaterialCommunityIcons.ttf"; sourceTree = "<group>"; };
		4F3AFF3D1DC2C79E006FF6B0 /* InitialViewController.h */ = {isa = PBXFileReference; fileEncoding = 4; lastKnownFileType = sourcecode.c.h; name = InitialViewController.h; path = myinsure/InitialViewController.h; sourceTree = "<group>"; };
		4F3AFF3E1DC2C79E006FF6B0 /* InitialViewController.m */ = {isa = PBXFileReference; fileEncoding = 4; lastKnownFileType = sourcecode.c.objc; name = InitialViewController.m; path = myinsure/InitialViewController.m; sourceTree = "<group>"; };
		4FF12F8E1DCA93E2004D9EF9 /* myinsure.entitlements */ = {isa = PBXFileReference; lastKnownFileType = text.plist.entitlements; name = myinsure.entitlements; path = myinsure/myinsure.entitlements; sourceTree = "<group>"; };
		6ACCF88166E543DE9B3727DD /* Foundation.ttf */ = {isa = PBXFileReference; explicitFileType = undefined; fileEncoding = undefined; includeInIndex = 0; lastKnownFileType = unknown; name = Foundation.ttf; path = "../node_modules/react-native-vector-icons/Fonts/Foundation.ttf"; sourceTree = "<group>"; };
		72C9BC142A4B40908CECAF29 /* Ionicons.ttf */ = {isa = PBXFileReference; explicitFileType = undefined; fileEncoding = undefined; includeInIndex = 0; lastKnownFileType = unknown; name = Ionicons.ttf; path = "../node_modules/react-native-vector-icons/Fonts/Ionicons.ttf"; sourceTree = "<group>"; };
		80BF999A507644E9991D9E62 /* FontAwesome5_Brands.ttf */ = {isa = PBXFileReference; explicitFileType = undefined; fileEncoding = undefined; includeInIndex = 0; lastKnownFileType = unknown; name = FontAwesome5_Brands.ttf; path = "../node_modules/react-native-vector-icons/Fonts/FontAwesome5_Brands.ttf"; sourceTree = "<group>"; };
		8D3782FCF0BA4E0A9E9C8F39 /* Fontisto.ttf */ = {isa = PBXFileReference; explicitFileType = undefined; fileEncoding = undefined; includeInIndex = 0; lastKnownFileType = unknown; name = Fontisto.ttf; path = "../node_modules/react-native-vector-icons/Fonts/Fontisto.ttf"; sourceTree = "<group>"; };
		8DECFC34BB73403EBC451DAE /* FontAwesome5_Solid.ttf */ = {isa = PBXFileReference; explicitFileType = undefined; fileEncoding = undefined; includeInIndex = 0; lastKnownFileType = unknown; name = FontAwesome5_Solid.ttf; path = "../node_modules/react-native-vector-icons/Fonts/FontAwesome5_Solid.ttf"; sourceTree = "<group>"; };
		93844D964A114F3689D668A5 /* MaterialIcons.ttf */ = {isa = PBXFileReference; explicitFileType = undefined; fileEncoding = undefined; includeInIndex = 0; lastKnownFileType = unknown; name = MaterialIcons.ttf; path = "../node_modules/react-native-vector-icons/Fonts/MaterialIcons.ttf"; sourceTree = "<group>"; };
		969CAC52B30E4C728BF17E5E /* Entypo.ttf */ = {isa = PBXFileReference; explicitFileType = undefined; fileEncoding = undefined; includeInIndex = 0; lastKnownFileType = unknown; name = Entypo.ttf; path = "../node_modules/react-native-vector-icons/Fonts/Entypo.ttf"; sourceTree = "<group>"; };
		9C3CC6F7614D4660969E5CDF /* FontAwesome5_Regular.ttf */ = {isa = PBXFileReference; explicitFileType = undefined; fileEncoding = undefined; includeInIndex = 0; lastKnownFileType = unknown; name = FontAwesome5_Regular.ttf; path = "../node_modules/react-native-vector-icons/Fonts/FontAwesome5_Regular.ttf"; sourceTree = "<group>"; };
		A10EEC4C15654301B5E052DD /* FontAwesome.ttf */ = {isa = PBXFileReference; explicitFileType = undefined; fileEncoding = undefined; includeInIndex = 0; lastKnownFileType = unknown; name = FontAwesome.ttf; path = "../node_modules/react-native-vector-icons/Fonts/FontAwesome.ttf"; sourceTree = "<group>"; };
		A8C3F430144BCD949E2D63D5 /* Pods_myinsure.framework */ = {isa = PBXFileReference; explicitFileType = wrapper.framework; includeInIndex = 0; path = Pods_myinsure.framework; sourceTree = BUILT_PRODUCTS_DIR; };
		AE79D28E6E57F5B77FA24716 /* Pods-myinsure.release.xcconfig */ = {isa = PBXFileReference; includeInIndex = 1; lastKnownFileType = text.xcconfig; name = "Pods-myinsure.release.xcconfig"; path = "Pods/Target Support Files/Pods-myinsure/Pods-myinsure.release.xcconfig"; sourceTree = "<group>"; };
		B7168FBD1FACC7EB00A48DB5 /* LaunchScreen.storyboard */ = {isa = PBXFileReference; fileEncoding = 4; lastKnownFileType = file.storyboard; name = LaunchScreen.storyboard; path = "../mobile_sdk/SalesforceMobileSDK-iOS/shared/resources/LaunchScreen.storyboard"; sourceTree = "<group>"; };
		B77BD8AE2113632C0036B284 /* bootconfig.plist */ = {isa = PBXFileReference; fileEncoding = 4; lastKnownFileType = text.plist.xml; name = bootconfig.plist; path = myinsure/bootconfig.plist; sourceTree = "<group>"; };
		B9854AB5E4E845F7A9D56A22 /* EvilIcons.ttf */ = {isa = PBXFileReference; explicitFileType = undefined; fileEncoding = undefined; includeInIndex = 0; lastKnownFileType = unknown; name = EvilIcons.ttf; path = "../node_modules/react-native-vector-icons/Fonts/EvilIcons.ttf"; sourceTree = "<group>"; };
		CEA8CA051F071C3300448B51 /* Images.xcassets */ = {isa = PBXFileReference; lastKnownFileType = folder.assetcatalog; name = Images.xcassets; path = "../mobile_sdk/SalesforceMobileSDK-iOS/shared/resources/Images.xcassets"; sourceTree = "<group>"; };
		D5E7DA826CDB41C9A1158F21 /* AntDesign.ttf */ = {isa = PBXFileReference; explicitFileType = undefined; fileEncoding = undefined; includeInIndex = 0; lastKnownFileType = unknown; name = AntDesign.ttf; path = "../node_modules/react-native-vector-icons/Fonts/AntDesign.ttf"; sourceTree = "<group>"; };
		DC4860AFDF6C48ED95A765E5 /* Feather.ttf */ = {isa = PBXFileReference; explicitFileType = undefined; fileEncoding = undefined; includeInIndex = 0; lastKnownFileType = unknown; name = Feather.ttf; path = "../node_modules/react-native-vector-icons/Fonts/Feather.ttf"; sourceTree = "<group>"; };
		F5E6059D9D8E4B6DBA247F99 /* Octicons.ttf */ = {isa = PBXFileReference; explicitFileType = undefined; fileEncoding = undefined; includeInIndex = 0; lastKnownFileType = unknown; name = Octicons.ttf; path = "../node_modules/react-native-vector-icons/Fonts/Octicons.ttf"; sourceTree = "<group>"; };
/* End PBXFileReference section */

/* Begin PBXFrameworksBuildPhase section */
		13B07F8C1A680F5B00A75B9A /* Frameworks */ = {
			isa = PBXFrameworksBuildPhase;
			buildActionMask = 2147483647;
			files = (
				F5912893D1259DD728C3911A /* Pods_myinsure.framework in Frameworks */,
			);
			runOnlyForDeploymentPostprocessing = 0;
		};
/* End PBXFrameworksBuildPhase section */

/* Begin PBXGroup section */
		13B07FAE1A68108700A75B9A /* myinsure */ = {
			isa = PBXGroup;
			children = (
				4FF12F8E1DCA93E2004D9EF9 /* myinsure.entitlements */,
				4F3AFF421DC2C856006FF6B0 /* Classes */,
				4F3AFF431DC2C869006FF6B0 /* Supporting Files */,
			);
			name = myinsure;
			sourceTree = "<group>";
		};
		3F48B246F9AC483C9A70DB30 /* Resources */ = {
			isa = PBXGroup;
			children = (
				D5E7DA826CDB41C9A1158F21 /* AntDesign.ttf */,
				969CAC52B30E4C728BF17E5E /* Entypo.ttf */,
				B9854AB5E4E845F7A9D56A22 /* EvilIcons.ttf */,
				DC4860AFDF6C48ED95A765E5 /* Feather.ttf */,
				A10EEC4C15654301B5E052DD /* FontAwesome.ttf */,
				80BF999A507644E9991D9E62 /* FontAwesome5_Brands.ttf */,
				9C3CC6F7614D4660969E5CDF /* FontAwesome5_Regular.ttf */,
				8DECFC34BB73403EBC451DAE /* FontAwesome5_Solid.ttf */,
				8D3782FCF0BA4E0A9E9C8F39 /* Fontisto.ttf */,
				6ACCF88166E543DE9B3727DD /* Foundation.ttf */,
				72C9BC142A4B40908CECAF29 /* Ionicons.ttf */,
				4CF9BB0327274D62A22D0BB9 /* MaterialCommunityIcons.ttf */,
				93844D964A114F3689D668A5 /* MaterialIcons.ttf */,
				F5E6059D9D8E4B6DBA247F99 /* Octicons.ttf */,
				26974E643FC84B69A29BE04B /* SimpleLineIcons.ttf */,
				48028B6F4BF84A978F470718 /* Zocial.ttf */,
			);
			name = Resources;
			path = "";
			sourceTree = "<group>";
		};
		4F3AFF421DC2C856006FF6B0 /* Classes */ = {
			isa = PBXGroup;
			children = (
				4F3AFF3D1DC2C79E006FF6B0 /* InitialViewController.h */,
				4F3AFF3E1DC2C79E006FF6B0 /* InitialViewController.m */,
				13B07FAF1A68108700A75B9A /* AppDelegate.h */,
				13B07FB01A68108700A75B9A /* AppDelegate.m */,
			);
			name = Classes;
			sourceTree = "<group>";
		};
		4F3AFF431DC2C869006FF6B0 /* Supporting Files */ = {
			isa = PBXGroup;
			children = (
				B77BD8AE2113632C0036B284 /* bootconfig.plist */,
				B7168FBD1FACC7EB00A48DB5 /* LaunchScreen.storyboard */,
				CEA8CA051F071C3300448B51 /* Images.xcassets */,
				008F07F21AC5B25A0029DE68 /* main.jsbundle */,
				13B07FB71A68108700A75B9A /* main.m */,
				13B07FB61A68108700A75B9A /* Info.plist */,
			);
			name = "Supporting Files";
			sourceTree = "<group>";
		};
		6473DB45A273CC31E19C4F9A /* Pods */ = {
			isa = PBXGroup;
			children = (
				0D8CDE8158AC70656CC3EE20 /* Pods-myinsure.debug.xcconfig */,
				AE79D28E6E57F5B77FA24716 /* Pods-myinsure.release.xcconfig */,
			);
			name = Pods;
			sourceTree = "<group>";
		};
		83CBB9F61A601CBA00E9B192 = {
			isa = PBXGroup;
			children = (
				13B07FAE1A68108700A75B9A /* myinsure */,
				83CBBA001A601CBA00E9B192 /* Products */,
				6473DB45A273CC31E19C4F9A /* Pods */,
				C73512AABD4BDBC0734E686B /* Frameworks */,
				3F48B246F9AC483C9A70DB30 /* Resources */,
			);
			indentWidth = 2;
			sourceTree = "<group>";
			tabWidth = 2;
		};
		83CBBA001A601CBA00E9B192 /* Products */ = {
			isa = PBXGroup;
			children = (
				13B07F961A680F5B00A75B9A /* myinsure.app */,
			);
			name = Products;
			sourceTree = "<group>";
		};
		C73512AABD4BDBC0734E686B /* Frameworks */ = {
			isa = PBXGroup;
			children = (
				A8C3F430144BCD949E2D63D5 /* Pods_myinsure.framework */,
			);
			name = Frameworks;
			sourceTree = "<group>";
		};
/* End PBXGroup section */

/* Begin PBXNativeTarget section */
		13B07F861A680F5B00A75B9A /* myinsure */ = {
			isa = PBXNativeTarget;
			buildConfigurationList = 13B07F931A680F5B00A75B9A /* Build configuration list for PBXNativeTarget "myinsure" */;
			buildPhases = (
				0D1647048E9655B7745B0762 /* [CP] Check Pods Manifest.lock */,
				13B07F871A680F5B00A75B9A /* Sources */,
				13B07F8C1A680F5B00A75B9A /* Frameworks */,
				13B07F8E1A680F5B00A75B9A /* Resources */,
				00DD1BFF1BD5951E006B06BC /* Bundle React Native code and images */,
				B891CA51A709510414527DB8 /* [CP] Embed Pods Frameworks */,
			);
			buildRules = (
			);
			dependencies = (
			);
			name = myinsure;
			productName = "Hello World";
			productReference = 13B07F961A680F5B00A75B9A /* myinsure.app */;
			productType = "com.apple.product-type.application";
		};
/* End PBXNativeTarget section */

/* Begin PBXProject section */
		83CBB9F71A601CBA00E9B192 /* Project object */ = {
			isa = PBXProject;
			attributes = {
				LastUpgradeCheck = 1020;
				ORGANIZATIONNAME = Facebook;
				TargetAttributes = {
					13B07F861A680F5B00A75B9A = {
						LastSwiftMigration = 1100;
						SystemCapabilities = {
							com.apple.Keychain = {
								enabled = 1;
							};
						};
					};
				};
			};
			buildConfigurationList = 83CBB9FA1A601CBA00E9B192 /* Build configuration list for PBXProject "myinsure" */;
			compatibilityVersion = "Xcode 8.0";
			developmentRegion = en;
			hasScannedForEncodings = 0;
			knownRegions = (
				en,
				Base,
			);
			mainGroup = 83CBB9F61A601CBA00E9B192;
			productRefGroup = 83CBBA001A601CBA00E9B192 /* Products */;
			projectDirPath = "";
			projectRoot = "";
			targets = (
				13B07F861A680F5B00A75B9A /* myinsure */,
			);
		};
/* End PBXProject section */

/* Begin PBXResourcesBuildPhase section */
		13B07F8E1A680F5B00A75B9A /* Resources */ = {
			isa = PBXResourcesBuildPhase;
			buildActionMask = 2147483647;
			files = (
				B77BD8AF2113632C0036B284 /* bootconfig.plist in Resources */,
				CEA8CA061F071C3300448B51 /* Images.xcassets in Resources */,
				B7168FBE1FACC7EB00A48DB5 /* LaunchScreen.storyboard in Resources */,
				ED9CA42C359143BEAF10BDCD /* AntDesign.ttf in Resources */,
				EA4DF03B14C041EA9B250DC5 /* Entypo.ttf in Resources */,
				44D789B974E0402BA1C3AF3E /* EvilIcons.ttf in Resources */,
				FD5AC5B4CEA44BAAB52BAA7B /* Feather.ttf in Resources */,
				41EE3229F7514E89BC04FA75 /* FontAwesome.ttf in Resources */,
				F0BD9DB23FCF4BF483550879 /* FontAwesome5_Brands.ttf in Resources */,
				AF46AC5F0C6C4C0582085042 /* FontAwesome5_Regular.ttf in Resources */,
				6C756C08F4E842E88C9F10E8 /* FontAwesome5_Solid.ttf in Resources */,
				EBEEEE258C074743B5B4D79A /* Fontisto.ttf in Resources */,
				C465C73AF21843DC880C0734 /* Foundation.ttf in Resources */,
				A7210AF9A3FA4F7B9E8F7BF2 /* Ionicons.ttf in Resources */,
				A5AA02FB22A94E21B7E9949F /* MaterialCommunityIcons.ttf in Resources */,
				7A367BBF4AD54693ADA92D76 /* MaterialIcons.ttf in Resources */,
				A969F18C7AB7403290E9A34E /* Octicons.ttf in Resources */,
				A40E58210FEA4E2B8713D0A7 /* SimpleLineIcons.ttf in Resources */,
				21280E0D68F244C5931DFCAF /* Zocial.ttf in Resources */,
			);
			runOnlyForDeploymentPostprocessing = 0;
		};
/* End PBXResourcesBuildPhase section */

/* Begin PBXShellScriptBuildPhase section */
		00DD1BFF1BD5951E006B06BC /* Bundle React Native code and images */ = {
			isa = PBXShellScriptBuildPhase;
			buildActionMask = 2147483647;
			files = (
			);
			inputPaths = (
			);
			name = "Bundle React Native code and images";
			outputPaths = (
			);
			runOnlyForDeploymentPostprocessing = 0;
			shellPath = /bin/sh;
			shellScript = "export NODE_BINARY=node\n../node_modules/react-native/scripts/react-native-xcode.sh";
		};
		0D1647048E9655B7745B0762 /* [CP] Check Pods Manifest.lock */ = {
			isa = PBXShellScriptBuildPhase;
			buildActionMask = 2147483647;
			files = (
			);
			inputPaths = (
				"${PODS_PODFILE_DIR_PATH}/Podfile.lock",
				"${PODS_ROOT}/Manifest.lock",
			);
			name = "[CP] Check Pods Manifest.lock";
			outputPaths = (
				"$(DERIVED_FILE_DIR)/Pods-myinsure-checkManifestLockResult.txt",
			);
			runOnlyForDeploymentPostprocessing = 0;
			shellPath = /bin/sh;
			shellScript = "diff \"${PODS_PODFILE_DIR_PATH}/Podfile.lock\" \"${PODS_ROOT}/Manifest.lock\" > /dev/null\nif [ $? != 0 ] ; then\n    # print error to STDERR\n    echo \"error: The sandbox is not in sync with the Podfile.lock. Run 'pod install' or update your CocoaPods installation.\" >&2\n    exit 1\nfi\n# This output is used by Xcode 'outputs' to avoid re-running this script phase.\necho \"SUCCESS\" > \"${SCRIPT_OUTPUT_FILE_0}\"\n";
			showEnvVarsInLog = 0;
		};
		B891CA51A709510414527DB8 /* [CP] Embed Pods Frameworks */ = {
			isa = PBXShellScriptBuildPhase;
			buildActionMask = 2147483647;
			files = (
			);
			inputPaths = (
				"${PODS_ROOT}/Target Support Files/Pods-myinsure/Pods-myinsure-frameworks.sh",
				"${BUILT_PRODUCTS_DIR}/DoubleConversion/DoubleConversion.framework",
				"${BUILT_PRODUCTS_DIR}/FBReactNativeSpec/FBReactNativeSpec.framework",
				"${BUILT_PRODUCTS_DIR}/FMDB/FMDB.framework",
				"${BUILT_PRODUCTS_DIR}/Folly/folly.framework",
				"${BUILT_PRODUCTS_DIR}/MobileSync/MobileSync.framework",
				"${BUILT_PRODUCTS_DIR}/RCTTypeSafety/RCTTypeSafety.framework",
				"${BUILT_PRODUCTS_DIR}/RNVectorIcons/RNVectorIcons.framework",
				"${BUILT_PRODUCTS_DIR}/React-Core/React.framework",
				"${BUILT_PRODUCTS_DIR}/React-CoreModules/CoreModules.framework",
				"${BUILT_PRODUCTS_DIR}/React-RCTActionSheet/RCTActionSheet.framework",
				"${BUILT_PRODUCTS_DIR}/React-RCTAnimation/RCTAnimation.framework",
				"${BUILT_PRODUCTS_DIR}/React-RCTBlob/RCTBlob.framework",
				"${BUILT_PRODUCTS_DIR}/React-RCTImage/RCTImage.framework",
				"${BUILT_PRODUCTS_DIR}/React-RCTLinking/RCTLinking.framework",
				"${BUILT_PRODUCTS_DIR}/React-RCTNetwork/RCTNetwork.framework",
				"${BUILT_PRODUCTS_DIR}/React-RCTSettings/RCTSettings.framework",
				"${BUILT_PRODUCTS_DIR}/React-RCTText/RCTText.framework",
				"${BUILT_PRODUCTS_DIR}/React-RCTVibration/RCTVibration.framework",
				"${BUILT_PRODUCTS_DIR}/React-cxxreact/cxxreact.framework",
				"${BUILT_PRODUCTS_DIR}/React-jsi/jsi.framework",
				"${BUILT_PRODUCTS_DIR}/React-jsiexecutor/jsireact.framework",
				"${BUILT_PRODUCTS_DIR}/React-jsinspector/jsinspector.framework",
				"${BUILT_PRODUCTS_DIR}/ReactCommon/ReactCommon.framework",
				"${BUILT_PRODUCTS_DIR}/SQLCipher/SQLCipher.framework",
				"${BUILT_PRODUCTS_DIR}/SalesforceAnalytics/SalesforceAnalytics.framework",
				"${BUILT_PRODUCTS_DIR}/SalesforceReact/SalesforceReact.framework",
				"${BUILT_PRODUCTS_DIR}/SalesforceSDKCommon/SalesforceSDKCommon.framework",
				"${BUILT_PRODUCTS_DIR}/SalesforceSDKCore/SalesforceSDKCore.framework",
				"${BUILT_PRODUCTS_DIR}/SmartStore/SmartStore.framework",
				"${BUILT_PRODUCTS_DIR}/Yoga/yoga.framework",
				"${BUILT_PRODUCTS_DIR}/glog/glog.framework",
				"${BUILT_PRODUCTS_DIR}/react-native-image-picker/react_native_image_picker.framework",
				"${BUILT_PRODUCTS_DIR}/react-native-webview/react_native_webview.framework",
			);
			name = "[CP] Embed Pods Frameworks";
			outputPaths = (
				"${TARGET_BUILD_DIR}/${FRAMEWORKS_FOLDER_PATH}/DoubleConversion.framework",
				"${TARGET_BUILD_DIR}/${FRAMEWORKS_FOLDER_PATH}/FBReactNativeSpec.framework",
				"${TARGET_BUILD_DIR}/${FRAMEWORKS_FOLDER_PATH}/FMDB.framework",
				"${TARGET_BUILD_DIR}/${FRAMEWORKS_FOLDER_PATH}/folly.framework",
				"${TARGET_BUILD_DIR}/${FRAMEWORKS_FOLDER_PATH}/MobileSync.framework",
				"${TARGET_BUILD_DIR}/${FRAMEWORKS_FOLDER_PATH}/RCTTypeSafety.framework",
				"${TARGET_BUILD_DIR}/${FRAMEWORKS_FOLDER_PATH}/RNVectorIcons.framework",
				"${TARGET_BUILD_DIR}/${FRAMEWORKS_FOLDER_PATH}/React.framework",
				"${TARGET_BUILD_DIR}/${FRAMEWORKS_FOLDER_PATH}/CoreModules.framework",
				"${TARGET_BUILD_DIR}/${FRAMEWORKS_FOLDER_PATH}/RCTActionSheet.framework",
				"${TARGET_BUILD_DIR}/${FRAMEWORKS_FOLDER_PATH}/RCTAnimation.framework",
				"${TARGET_BUILD_DIR}/${FRAMEWORKS_FOLDER_PATH}/RCTBlob.framework",
				"${TARGET_BUILD_DIR}/${FRAMEWORKS_FOLDER_PATH}/RCTImage.framework",
				"${TARGET_BUILD_DIR}/${FRAMEWORKS_FOLDER_PATH}/RCTLinking.framework",
				"${TARGET_BUILD_DIR}/${FRAMEWORKS_FOLDER_PATH}/RCTNetwork.framework",
				"${TARGET_BUILD_DIR}/${FRAMEWORKS_FOLDER_PATH}/RCTSettings.framework",
				"${TARGET_BUILD_DIR}/${FRAMEWORKS_FOLDER_PATH}/RCTText.framework",
				"${TARGET_BUILD_DIR}/${FRAMEWORKS_FOLDER_PATH}/RCTVibration.framework",
				"${TARGET_BUILD_DIR}/${FRAMEWORKS_FOLDER_PATH}/cxxreact.framework",
				"${TARGET_BUILD_DIR}/${FRAMEWORKS_FOLDER_PATH}/jsi.framework",
				"${TARGET_BUILD_DIR}/${FRAMEWORKS_FOLDER_PATH}/jsireact.framework",
				"${TARGET_BUILD_DIR}/${FRAMEWORKS_FOLDER_PATH}/jsinspector.framework",
				"${TARGET_BUILD_DIR}/${FRAMEWORKS_FOLDER_PATH}/ReactCommon.framework",
				"${TARGET_BUILD_DIR}/${FRAMEWORKS_FOLDER_PATH}/SQLCipher.framework",
				"${TARGET_BUILD_DIR}/${FRAMEWORKS_FOLDER_PATH}/SalesforceAnalytics.framework",
				"${TARGET_BUILD_DIR}/${FRAMEWORKS_FOLDER_PATH}/SalesforceReact.framework",
				"${TARGET_BUILD_DIR}/${FRAMEWORKS_FOLDER_PATH}/SalesforceSDKCommon.framework",
				"${TARGET_BUILD_DIR}/${FRAMEWORKS_FOLDER_PATH}/SalesforceSDKCore.framework",
				"${TARGET_BUILD_DIR}/${FRAMEWORKS_FOLDER_PATH}/SmartStore.framework",
				"${TARGET_BUILD_DIR}/${FRAMEWORKS_FOLDER_PATH}/yoga.framework",
				"${TARGET_BUILD_DIR}/${FRAMEWORKS_FOLDER_PATH}/glog.framework",
				"${TARGET_BUILD_DIR}/${FRAMEWORKS_FOLDER_PATH}/react_native_image_picker.framework",
				"${TARGET_BUILD_DIR}/${FRAMEWORKS_FOLDER_PATH}/react_native_webview.framework",
			);
			runOnlyForDeploymentPostprocessing = 0;
			shellPath = /bin/sh;
			shellScript = "\"${PODS_ROOT}/Target Support Files/Pods-myinsure/Pods-myinsure-frameworks.sh\"\n";
			showEnvVarsInLog = 0;
		};
/* End PBXShellScriptBuildPhase section */

/* Begin PBXSourcesBuildPhase section */
		13B07F871A680F5B00A75B9A /* Sources */ = {
			isa = PBXSourcesBuildPhase;
			buildActionMask = 2147483647;
			files = (
				4F3AFF401DC2C79E006FF6B0 /* InitialViewController.m in Sources */,
				13B07FBC1A68108700A75B9A /* AppDelegate.m in Sources */,
				13B07FC11A68108700A75B9A /* main.m in Sources */,
			);
			runOnlyForDeploymentPostprocessing = 0;
		};
/* End PBXSourcesBuildPhase section */

/* Begin XCBuildConfiguration section */
		13B07F941A680F5B00A75B9A /* Debug */ = {
			isa = XCBuildConfiguration;
			baseConfigurationReference = 0D8CDE8158AC70656CC3EE20 /* Pods-myinsure.debug.xcconfig */;
			buildSettings = {
				ASSETCATALOG_COMPILER_APPICON_NAME = AppIcon;
				CLANG_ENABLE_MODULES = YES;
				CODE_SIGN_ENTITLEMENTS = myinsure/myinsure.entitlements;
				CURRENT_PROJECT_VERSION = 1;
				DEAD_CODE_STRIPPING = NO;
				HEADER_SEARCH_PATHS = (
					"$(inherited)",
					/Applications/Xcode.app/Contents/Developer/Toolchains/XcodeDefault.xctoolchain/usr/include,
					"$(SRCROOT)/../node_modules/react-native/React/**",
				);
				INFOPLIST_FILE = myinsure/Info.plist;
				IPHONEOS_DEPLOYMENT_TARGET = 12.2;
				LD_RUNPATH_SEARCH_PATHS = "$(inherited) @executable_path/Frameworks";
				OTHER_LDFLAGS = (
					"$(inherited)",
					"-ObjC",
					"-lc++",
				);
				PRODUCT_BUNDLE_IDENTIFIER = "com.myinsure.app.${PRODUCT_NAME:rfc1034identifier}";
				PRODUCT_NAME = myinsure;
				SWIFT_OPTIMIZATION_LEVEL = "-Onone";
				SWIFT_VERSION = 5.0;
				TARGETED_DEVICE_FAMILY = "1,2";
				VERSIONING_SYSTEM = "apple-generic";
			};
			name = Debug;
		};
		13B07F951A680F5B00A75B9A /* Release */ = {
			isa = XCBuildConfiguration;
			baseConfigurationReference = AE79D28E6E57F5B77FA24716 /* Pods-myinsure.release.xcconfig */;
			buildSettings = {
				ASSETCATALOG_COMPILER_APPICON_NAME = AppIcon;
				CLANG_ENABLE_MODULES = YES;
				CODE_SIGN_ENTITLEMENTS = myinsure/myinsure.entitlements;
				CURRENT_PROJECT_VERSION = 1;
				HEADER_SEARCH_PATHS = (
					"$(inherited)",
					/Applications/Xcode.app/Contents/Developer/Toolchains/XcodeDefault.xctoolchain/usr/include,
					"$(SRCROOT)/../node_modules/react-native/React/**",
				);
				INFOPLIST_FILE = myinsure/Info.plist;
				IPHONEOS_DEPLOYMENT_TARGET = 12.2;
				LD_RUNPATH_SEARCH_PATHS = "$(inherited) @executable_path/Frameworks";
				OTHER_LDFLAGS = (
					"$(inherited)",
					"-ObjC",
					"-lc++",
				);
				PRODUCT_BUNDLE_IDENTIFIER = "com.myinsure.app.${PRODUCT_NAME:rfc1034identifier}";
				PRODUCT_NAME = myinsure;
				SWIFT_VERSION = 5.0;
				TARGETED_DEVICE_FAMILY = "1,2";
				VERSIONING_SYSTEM = "apple-generic";
			};
			name = Release;
		};
		83CBBA201A601CBA00E9B192 /* Debug */ = {
			isa = XCBuildConfiguration;
			buildSettings = {
				ALWAYS_SEARCH_USER_PATHS = NO;
				CLANG_ANALYZER_LOCALIZABILITY_NONLOCALIZED = YES;
				CLANG_CXX_LANGUAGE_STANDARD = "gnu++0x";
				CLANG_CXX_LIBRARY = "libc++";
				CLANG_ENABLE_MODULES = YES;
				CLANG_ENABLE_OBJC_ARC = YES;
				CLANG_WARN_BLOCK_CAPTURE_AUTORELEASING = YES;
				CLANG_WARN_BOOL_CONVERSION = YES;
				CLANG_WARN_COMMA = YES;
				CLANG_WARN_CONSTANT_CONVERSION = YES;
				CLANG_WARN_DEPRECATED_OBJC_IMPLEMENTATIONS = YES;
				CLANG_WARN_DIRECT_OBJC_ISA_USAGE = YES_ERROR;
				CLANG_WARN_EMPTY_BODY = YES;
				CLANG_WARN_ENUM_CONVERSION = YES;
				CLANG_WARN_INFINITE_RECURSION = YES;
				CLANG_WARN_INT_CONVERSION = YES;
				CLANG_WARN_NON_LITERAL_NULL_CONVERSION = YES;
				CLANG_WARN_OBJC_IMPLICIT_RETAIN_SELF = YES;
				CLANG_WARN_OBJC_LITERAL_CONVERSION = YES;
				CLANG_WARN_OBJC_ROOT_CLASS = YES_ERROR;
				CLANG_WARN_RANGE_LOOP_ANALYSIS = YES;
				CLANG_WARN_STRICT_PROTOTYPES = YES;
				CLANG_WARN_SUSPICIOUS_MOVE = YES;
				CLANG_WARN_UNREACHABLE_CODE = YES;
				CLANG_WARN__DUPLICATE_METHOD_MATCH = YES;
				"CODE_SIGN_IDENTITY[sdk=iphoneos*]" = "iPhone Developer";
				COPY_PHASE_STRIP = NO;
				ENABLE_STRICT_OBJC_MSGSEND = YES;
				ENABLE_TESTABILITY = YES;
				GCC_C_LANGUAGE_STANDARD = gnu99;
				GCC_DYNAMIC_NO_PIC = NO;
				GCC_NO_COMMON_BLOCKS = YES;
				GCC_OPTIMIZATION_LEVEL = 0;
				GCC_PREPROCESSOR_DEFINITIONS = (
					"DEBUG=1",
					"$(inherited)",
				);
				GCC_SYMBOLS_PRIVATE_EXTERN = NO;
				GCC_WARN_64_TO_32_BIT_CONVERSION = YES;
				GCC_WARN_ABOUT_RETURN_TYPE = YES_ERROR;
				GCC_WARN_UNDECLARED_SELECTOR = YES;
				GCC_WARN_UNINITIALIZED_AUTOS = YES_AGGRESSIVE;
				GCC_WARN_UNUSED_FUNCTION = YES;
				GCC_WARN_UNUSED_VARIABLE = YES;
				HEADER_SEARCH_PATHS = (
					"$(inherited)",
					/Applications/Xcode.app/Contents/Developer/Toolchains/XcodeDefault.xctoolchain/usr/include,
					"$(SRCROOT)/../node_modules/react-native/React/**",
				);
				IPHONEOS_DEPLOYMENT_TARGET = 12.2;
				MTL_ENABLE_DEBUG_INFO = YES;
				ONLY_ACTIVE_ARCH = YES;
				SDKROOT = iphoneos;
			};
			name = Debug;
		};
		83CBBA211A601CBA00E9B192 /* Release */ = {
			isa = XCBuildConfiguration;
			buildSettings = {
				ALWAYS_SEARCH_USER_PATHS = NO;
				CLANG_ANALYZER_LOCALIZABILITY_NONLOCALIZED = YES;
				CLANG_CXX_LANGUAGE_STANDARD = "gnu++0x";
				CLANG_CXX_LIBRARY = "libc++";
				CLANG_ENABLE_MODULES = YES;
				CLANG_ENABLE_OBJC_ARC = YES;
				CLANG_WARN_BLOCK_CAPTURE_AUTORELEASING = YES;
				CLANG_WARN_BOOL_CONVERSION = YES;
				CLANG_WARN_COMMA = YES;
				CLANG_WARN_CONSTANT_CONVERSION = YES;
				CLANG_WARN_DEPRECATED_OBJC_IMPLEMENTATIONS = YES;
				CLANG_WARN_DIRECT_OBJC_ISA_USAGE = YES_ERROR;
				CLANG_WARN_EMPTY_BODY = YES;
				CLANG_WARN_ENUM_CONVERSION = YES;
				CLANG_WARN_INFINITE_RECURSION = YES;
				CLANG_WARN_INT_CONVERSION = YES;
				CLANG_WARN_NON_LITERAL_NULL_CONVERSION = YES;
				CLANG_WARN_OBJC_IMPLICIT_RETAIN_SELF = YES;
				CLANG_WARN_OBJC_LITERAL_CONVERSION = YES;
				CLANG_WARN_OBJC_ROOT_CLASS = YES_ERROR;
				CLANG_WARN_RANGE_LOOP_ANALYSIS = YES;
				CLANG_WARN_STRICT_PROTOTYPES = YES;
				CLANG_WARN_SUSPICIOUS_MOVE = YES;
				CLANG_WARN_UNREACHABLE_CODE = YES;
				CLANG_WARN__DUPLICATE_METHOD_MATCH = YES;
				"CODE_SIGN_IDENTITY[sdk=iphoneos*]" = "iPhone Developer";
				COPY_PHASE_STRIP = YES;
				ENABLE_NS_ASSERTIONS = NO;
				ENABLE_STRICT_OBJC_MSGSEND = YES;
				GCC_C_LANGUAGE_STANDARD = gnu99;
				GCC_NO_COMMON_BLOCKS = YES;
				GCC_WARN_64_TO_32_BIT_CONVERSION = YES;
				GCC_WARN_ABOUT_RETURN_TYPE = YES_ERROR;
				GCC_WARN_UNDECLARED_SELECTOR = YES;
				GCC_WARN_UNINITIALIZED_AUTOS = YES_AGGRESSIVE;
				GCC_WARN_UNUSED_FUNCTION = YES;
				GCC_WARN_UNUSED_VARIABLE = YES;
				HEADER_SEARCH_PATHS = (
					"$(inherited)",
					/Applications/Xcode.app/Contents/Developer/Toolchains/XcodeDefault.xctoolchain/usr/include,
					"$(SRCROOT)/../node_modules/react-native/React/**",
				);
				IPHONEOS_DEPLOYMENT_TARGET = 12.2;
				MTL_ENABLE_DEBUG_INFO = NO;
				SDKROOT = iphoneos;
				VALIDATE_PRODUCT = YES;
			};
			name = Release;
		};
/* End XCBuildConfiguration section */

/* Begin XCConfigurationList section */
		13B07F931A680F5B00A75B9A /* Build configuration list for PBXNativeTarget "myinsure" */ = {
			isa = XCConfigurationList;
			buildConfigurations = (
				13B07F941A680F5B00A75B9A /* Debug */,
				13B07F951A680F5B00A75B9A /* Release */,
			);
			defaultConfigurationIsVisible = 0;
			defaultConfigurationName = Release;
		};
		83CBB9FA1A601CBA00E9B192 /* Build configuration list for PBXProject "myinsure" */ = {
			isa = XCConfigurationList;
			buildConfigurations = (
				83CBBA201A601CBA00E9B192 /* Debug */,
				83CBBA211A601CBA00E9B192 /* Release */,
			);
			defaultConfigurationIsVisible = 0;
			defaultConfigurationName = Release;
		};
/* End XCConfigurationList section */
	};
	rootObject = 83CBB9F71A601CBA00E9B192 /* Project object */;
}
